{
  "name": "redux-saga-web3",
  "requires": true,
  "lockfileVersion": 1,
  "dependencies": {
    "prettier": {
      "version": "1.13.0",
      "resolved": "https://registry.npmjs.org/prettier/-/prettier-1.13.0.tgz",
      "integrity": "sha512-ubNahzMwHtdrSVGMMNabOHSeBKvZu+N5Z7Tu2CvbTexffL6aHwwOc7/fvEaWYTtvu4CtXnniHGA2vxV/NIH6KQ==",
      "dev": true
    }
  }
}
